
Microsoft Visual Studio Solution File, Format Version 12.00
# Visual Studio Version 16
VisualStudioVersion = 16.0.30804.86
MinimumVisualStudioVersion = 10.0.40219.1
Project("{2150E333-8FDC-42A3-9474-1A3956D46DE8}") = "src", "src", "{CF94C1A9-A6BC-4BF5-A716-E9EFC6D6815C}"
EndProject
Project("{2150E333-8FDC-42A3-9474-1A3956D46DE8}") = "tests", "tests", "{C58F4A9F-FD3A-42E0-97FA-0DFCD394628A}"
EndProject
Project("{FAE04EC0-301F-11D3-BF4B-00C04F79EFBC}") = "Alura.LeilaoOnline.ConsoleApp", "Alura.LeilaoOnline.ConsoleAPP\Alura.LeilaoOnline.ConsoleApp.csproj", "{EE3EFE14-B79B-4E47-AC74-C1B938465722}"
EndProject
Project("{FAE04EC0-301F-11D3-BF4B-00C04F79EFBC}") = "Alura.LeilaoOnline.Core", "Alura.LeilaoOnline.Coree\Alura.LeilaoOnline.Core.csproj", "{CEE00C10-9D5A-4997-BD48-922E7EC8FC47}"
EndProject
Project("{FAE04EC0-301F-11D3-BF4B-00C04F79EFBC}") = "Alura.LeilaoOnline.Tests", "Alura.LeilaoOnline.Test\Alura.LeilaoOnline.Tests.csproj", "{23A5DAAB-7EB6-48D2-B98F-7D888E7D8C02}"
EndProject
Global
	GlobalSection(SolutionConfigurationPlatforms) = preSolution
		Debug|Any CPU = Debug|Any CPU
		Debug|ARM = Debug|ARM
		Debug|ARM64 = Debug|ARM64
		Debug|x64 = Debug|x64
		Debug|x86 = Debug|x86
		Release|Any CPU = Release|Any CPU
		Release|ARM = Release|ARM
		Release|ARM64 = Release|ARM64
		Release|x64 = Release|x64
		Release|x86 = Release|x86
	EndGlobalSection
	GlobalSection(ProjectConfigurationPlatforms) = postSolution
		{EE3EFE14-B79B-4E47-AC74-C1B938465722}.Debug|Any CPU.ActiveCfg = Debug|Any CPU
		{EE3EFE14-B79B-4E47-AC74-C1B938465722}.Debug|Any CPU.Build.0 = Debug|Any CPU
		{EE3EFE14-B79B-4E47-AC74-C1B938465722}.Debug|ARM.ActiveCfg = Debug|Any CPU
		{EE3EFE14-B79B-4E47-AC74-C1B938465722}.Debug|ARM.Build.0 = Debug|Any CPU
		{EE3EFE14-B79B-4E47-AC74-C1B938465722}.Debug|ARM64.ActiveCfg = Debug|Any CPU
		{EE3EFE14-B79B-4E47-AC74-C1B938465722}.Debug|ARM64.Build.0 = Debug|Any CPU
		{EE3EFE14-B79B-4E47-AC74-C1B938465722}.Debug|x64.ActiveCfg = Debug|Any CPU
		{EE3EFE14-B79B-4E47-AC74-C1B938465722}.Debug|x64.Build.0 = Debug|Any CPU
		{EE3EFE14-B79B-4E47-AC74-C1B938465722}.Debug|x86.ActiveCfg = Debug|Any CPU
		{EE3EFE14-B79B-4E47-AC74-C1B938465722}.Debug|x86.Build.0 = Debug|Any CPU
		{EE3EFE14-B79B-4E47-AC74-C1B938465722}.Release|Any CPU.ActiveCfg = Release|Any CPU
		{EE3EFE14-B79B-4E47-AC74-C1B938465722}.Release|Any CPU.Build.0 = Release|Any CPU
		{EE3EFE14-B79B-4E47-AC74-C1B938465722}.Release|ARM.ActiveCfg = Release|Any CPU
		{EE3EFE14-B79B-4E47-AC74-C1B938465722}.Release|ARM.Build.0 = Release|Any CPU
		{EE3EFE14-B79B-4E47-AC74-C1B938465722}.Release|ARM64.ActiveCfg = Release|Any CPU
		{EE3EFE14-B79B-4E47-AC74-C1B938465722}.Release|ARM64.Build.0 = Release|Any CPU
		{EE3EFE14-B79B-4E47-AC74-C1B938465722}.Release|x64.ActiveCfg = Release|Any CPU
		{EE3EFE14-B79B-4E47-AC74-C1B938465722}.Release|x64.Build.0 = Release|Any CPU
		{EE3EFE14-B79B-4E47-AC74-C1B938465722}.Release|x86.ActiveCfg = Release|Any CPU
		{EE3EFE14-B79B-4E47-AC74-C1B938465722}.Release|x86.Build.0 = Release|Any CPU
		{CEE00C10-9D5A-4997-BD48-922E7EC8FC47}.Debug|Any CPU.ActiveCfg = Debug|Any CPU
		{CEE00C10-9D5A-4997-BD48-922E7EC8FC47}.Debug|Any CPU.Build.0 = Debug|Any CPU
		{CEE00C10-9D5A-4997-BD48-922E7EC8FC47}.Debug|ARM.ActiveCfg = Debug|Any CPU
		{CEE00C10-9D5A-4997-BD48-922E7EC8FC47}.Debug|ARM.Build.0 = Debug|Any CPU
		{CEE00C10-9D5A-4997-BD48-922E7EC8FC47}.Debug|ARM64.ActiveCfg = Debug|Any CPU
		{CEE00C10-9D5A-4997-BD48-922E7EC8FC47}.Debug|ARM64.Build.0 = Debug|Any CPU
		{CEE00C10-9D5A-4997-BD48-922E7EC8FC47}.Debug|x64.ActiveCfg = Debug|Any CPU
		{CEE00C10-9D5A-4997-BD48-922E7EC8FC47}.Debug|x64.Build.0 = Debug|Any CPU
		{CEE00C10-9D5A-4997-BD48-922E7EC8FC47}.Debug|x86.ActiveCfg = Debug|Any CPU
		{CEE00C10-9D5A-4997-BD48-922E7EC8FC47}.Debug|x86.Build.0 = Debug|Any CPU
		{CEE00C10-9D5A-4997-BD48-922E7EC8FC47}.Release|Any CPU.ActiveCfg = Release|Any CPU
		{CEE00C10-9D5A-4997-BD48-922E7EC8FC47}.Release|Any CPU.Build.0 = Release|Any CPU
		{CEE00C10-9D5A-4997-BD48-922E7EC8FC47}.Release|ARM.ActiveCfg = Release|Any CPU
		{CEE00C10-9D5A-4997-BD48-922E7EC8FC47}.Release|ARM.Build.0 = Release|Any CPU
		{CEE00C10-9D5A-4997-BD48-922E7EC8FC47}.Release|ARM64.ActiveCfg = Release|Any CPU
		{CEE00C10-9D5A-4997-BD48-922E7EC8FC47}.Release|ARM64.Build.0 = Release|Any CPU
		{CEE00C10-9D5A-4997-BD48-922E7EC8FC47}.Release|x64.ActiveCfg = Release|Any CPU
		{CEE00C10-9D5A-4997-BD48-922E7EC8FC47}.Release|x64.Build.0 = Release|Any CPU
		{CEE00C10-9D5A-4997-BD48-922E7EC8FC47}.Release|x86.ActiveCfg = Release|Any CPU
		{CEE00C10-9D5A-4997-BD48-922E7EC8FC47}.Release|x86.Build.0 = Release|Any CPU
		{23A5DAAB-7EB6-48D2-B98F-7D888E7D8C02}.Debug|Any CPU.ActiveCfg = Debug|Any CPU
		{23A5DAAB-7EB6-48D2-B98F-7D888E7D8C02}.Debug|Any CPU.Build.0 = Debug|Any CPU
		{23A5DAAB-7EB6-48D2-B98F-7D888E7D8C02}.Debug|ARM.ActiveCfg = Debug|Any CPU
		{23A5DAAB-7EB6-48D2-B98F-7D888E7D8C02}.Debug|ARM.Build.0 = Debug|Any CPU
		{23A5DAAB-7EB6-48D2-B98F-7D888E7D8C02}.Debug|ARM64.ActiveCfg = Debug|Any CPU
		{23A5DAAB-7EB6-48D2-B98F-7D888E7D8C02}.Debug|ARM64.Build.0 = Debug|Any CPU
		{23A5DAAB-7EB6-48D2-B98F-7D888E7D8C02}.Debug|x64.ActiveCfg = Debug|Any CPU
		{23A5DAAB-7EB6-48D2-B98F-7D888E7D8C02}.Debug|x64.Build.0 = Debug|Any CPU
		{23A5DAAB-7EB6-48D2-B98F-7D888E7D8C02}.Debug|x86.ActiveCfg = Debug|Any CPU
		{23A5DAAB-7EB6-48D2-B98F-7D888E7D8C02}.Debug|x86.Build.0 = Debug|Any CPU
		{23A5DAAB-7EB6-48D2-B98F-7D888E7D8C02}.Release|Any CPU.ActiveCfg = Release|Any CPU
		{23A5DAAB-7EB6-48D2-B98F-7D888E7D8C02}.Release|Any CPU.Build.0 = Release|Any CPU
		{23A5DAAB-7EB6-48D2-B98F-7D888E7D8C02}.Release|ARM.ActiveCfg = Release|Any CPU
		{23A5DAAB-7EB6-48D2-B98F-7D888E7D8C02}.Release|ARM.Build.0 = Release|Any CPU
		{23A5DAAB-7EB6-48D2-B98F-7D888E7D8C02}.Release|ARM64.ActiveCfg = Release|Any CPU
		{23A5DAAB-7EB6-48D2-B98F-7D888E7D8C02}.Release|ARM64.Build.0 = Release|Any CPU
		{23A5DAAB-7EB6-48D2-B98F-7D888E7D8C02}.Release|x64.ActiveCfg = Release|Any CPU
		{23A5DAAB-7EB6-48D2-B98F-7D888E7D8C02}.Release|x64.Build.0 = Release|Any CPU
		{23A5DAAB-7EB6-48D2-B98F-7D888E7D8C02}.Release|x86.ActiveCfg = Release|Any CPU
		{23A5DAAB-7EB6-48D2-B98F-7D888E7D8C02}.Release|x86.Build.0 = Release|Any CPU
	EndGlobalSection
	GlobalSection(SolutionProperties) = preSolution
		HideSolutionNode = FALSE
	EndGlobalSection
	GlobalSection(NestedProjects) = preSolution
		{EE3EFE14-B79B-4E47-AC74-C1B938465722} = {C58F4A9F-FD3A-42E0-97FA-0DFCD394628A}
		{CEE00C10-9D5A-4997-BD48-922E7EC8FC47} = {CF94C1A9-A6BC-4BF5-A716-E9EFC6D6815C}
		{23A5DAAB-7EB6-48D2-B98F-7D888E7D8C02} = {C58F4A9F-FD3A-42E0-97FA-0DFCD394628A}
	EndGlobalSection
	GlobalSection(ExtensibilityGlobals) = postSolution
		SolutionGuid = {3B05441A-7A59-4351-8CBD-9CD471BA86F3}
	EndGlobalSection
EndGlobal
