
Microsoft Visual Studio Solution File, Format Version 12.00
# Visual Studio Version 16
VisualStudioVersion = 16.0.30804.86
MinimumVisualStudioVersion = 10.0.40219.1
Project("{2150E333-8FDC-42A3-9474-1A3956D46DE8}") = "src", "src", "{CF94C1A9-A6BC-4BF5-A716-E9EFC6D6815C}"
EndProject
Project("{2150E333-8FDC-42A3-9474-1A3956D46DE8}") = "tests", "tests", "{C58F4A9F-FD3A-42E0-97FA-0DFCD394628A}"
EndProject
Project("{FAE04EC0-301F-11D3-BF4B-00C04F79EFBC}") = "Alura.LeilaoOnline.Core", "Core\Alura.LeilaoOnline.Core.csproj", "{393F56D6-4226-45BF-8088-62C50E6B7070}"
EndProject
Global
	GlobalSection(SolutionConfigurationPlatforms) = preSolution
		Debug|Any CPU = Debug|Any CPU
		Debug|ARM = Debug|ARM
		Debug|ARM64 = Debug|ARM64
		Debug|x64 = Debug|x64
		Debug|x86 = Debug|x86
		Release|Any CPU = Release|Any CPU
		Release|ARM = Release|ARM
		Release|ARM64 = Release|ARM64
		Release|x64 = Release|x64
		Release|x86 = Release|x86
	EndGlobalSection
	GlobalSection(ProjectConfigurationPlatforms) = postSolution
		{393F56D6-4226-45BF-8088-62C50E6B7070}.Debug|Any CPU.ActiveCfg = Debug|Any CPU
		{393F56D6-4226-45BF-8088-62C50E6B7070}.Debug|Any CPU.Build.0 = Debug|Any CPU
		{393F56D6-4226-45BF-8088-62C50E6B7070}.Debug|ARM.ActiveCfg = Debug|ARM
		{393F56D6-4226-45BF-8088-62C50E6B7070}.Debug|ARM.Build.0 = Debug|ARM
		{393F56D6-4226-45BF-8088-62C50E6B7070}.Debug|ARM64.ActiveCfg = Debug|ARM64
		{393F56D6-4226-45BF-8088-62C50E6B7070}.Debug|ARM64.Build.0 = Debug|ARM64
		{393F56D6-4226-45BF-8088-62C50E6B7070}.Debug|x64.ActiveCfg = Debug|x64
		{393F56D6-4226-45BF-8088-62C50E6B7070}.Debug|x64.Build.0 = Debug|x64
		{393F56D6-4226-45BF-8088-62C50E6B7070}.Debug|x86.ActiveCfg = Debug|x86
		{393F56D6-4226-45BF-8088-62C50E6B7070}.Debug|x86.Build.0 = Debug|x86
		{393F56D6-4226-45BF-8088-62C50E6B7070}.Release|Any CPU.ActiveCfg = Release|Any CPU
		{393F56D6-4226-45BF-8088-62C50E6B7070}.Release|Any CPU.Build.0 = Release|Any CPU
		{393F56D6-4226-45BF-8088-62C50E6B7070}.Release|ARM.ActiveCfg = Release|ARM
		{393F56D6-4226-45BF-8088-62C50E6B7070}.Release|ARM.Build.0 = Release|ARM
		{393F56D6-4226-45BF-8088-62C50E6B7070}.Release|ARM64.ActiveCfg = Release|ARM64
		{393F56D6-4226-45BF-8088-62C50E6B7070}.Release|ARM64.Build.0 = Release|ARM64
		{393F56D6-4226-45BF-8088-62C50E6B7070}.Release|x64.ActiveCfg = Release|x64
		{393F56D6-4226-45BF-8088-62C50E6B7070}.Release|x64.Build.0 = Release|x64
		{393F56D6-4226-45BF-8088-62C50E6B7070}.Release|x86.ActiveCfg = Release|x86
		{393F56D6-4226-45BF-8088-62C50E6B7070}.Release|x86.Build.0 = Release|x86
	EndGlobalSection
	GlobalSection(SolutionProperties) = preSolution
		HideSolutionNode = FALSE
	EndGlobalSection
	GlobalSection(NestedProjects) = preSolution
		{393F56D6-4226-45BF-8088-62C50E6B7070} = {CF94C1A9-A6BC-4BF5-A716-E9EFC6D6815C}
	EndGlobalSection
	GlobalSection(ExtensibilityGlobals) = postSolution
		SolutionGuid = {3B05441A-7A59-4351-8CBD-9CD471BA86F3}
	EndGlobalSection
EndGlobal
